// !$*UTF8*$!
{
	archiveVersion = 1;
	classes = {
	};
	objectVersion = 56;
	objects = {

/* Begin PBXBuildFile section */
		C0C59B652A4D37720057C4E1 /* AppDelegate.swift in Sources */ = {isa = PBXBuildFile; fileRef = C0C59B642A4D37720057C4E1 /* AppDelegate.swift */; };
		C0C59B672A4D37720057C4E1 /* SceneDelegate.swift in Sources */ = {isa = PBXBuildFile; fileRef = C0C59B662A4D37720057C4E1 /* SceneDelegate.swift */; };
		C0C59B692A4D37720057C4E1 /* ViewController.swift in Sources */ = {isa = PBXBuildFile; fileRef = C0C59B682A4D37720057C4E1 /* ViewController.swift */; };
		C0C59B6C2A4D37720057C4E1 /* Main.storyboard in Resources */ = {isa = PBXBuildFile; fileRef = C0C59B6A2A4D37720057C4E1 /* Main.storyboard */; };
		C0C59B6E2A4D37720057C4E1 /* Assets.xcassets in Resources */ = {isa = PBXBuildFile; fileRef = C0C59B6D2A4D37720057C4E1 /* Assets.xcassets */; };
		C0C59B712A4D37720057C4E1 /* LaunchScreen.storyboard in Resources */ = {isa = PBXBuildFile; fileRef = C0C59B6F2A4D37720057C4E1 /* LaunchScreen.storyboard */; };
		C0C59B792A4D37C40057C4E1 /* NetworkHelper.swift in Sources */ = {isa = PBXBuildFile; fileRef = C0C59B782A4D37C40057C4E1 /* NetworkHelper.swift */; };
		C0C59B7F2A4D3EAC0057C4E1 /* Options.swift in Sources */ = {isa = PBXBuildFile; fileRef = C0C59B7B2A4D3EAC0057C4E1 /* Options.swift */; };
		C0C59B802A4D3EAC0057C4E1 /* BaseModel.swift in Sources */ = {isa = PBXBuildFile; fileRef = C0C59B7C2A4D3EAC0057C4E1 /* BaseModel.swift */; };
		C0C59B812A4D3EAC0057C4E1 /* Exclusions.swift in Sources */ = {isa = PBXBuildFile; fileRef = C0C59B7D2A4D3EAC0057C4E1 /* Exclusions.swift */; };
		C0C59B822A4D3EAC0057C4E1 /* Facilities.swift in Sources */ = {isa = PBXBuildFile; fileRef = C0C59B7E2A4D3EAC0057C4E1 /* Facilities.swift */; };
		C0C59B852A4D81F70057C4E1 /* ViewModel.swift in Sources */ = {isa = PBXBuildFile; fileRef = C0C59B842A4D81F70057C4E1 /* ViewModel.swift */; };
/* End PBXBuildFile section */

/* Begin PBXFileReference section */
		C0C59B612A4D37720057C4E1 /* Assignment.app */ = {isa = PBXFileReference; explicitFileType = wrapper.application; includeInIndex = 0; path = Assignment.app; sourceTree = BUILT_PRODUCTS_DIR; };
		C0C59B642A4D37720057C4E1 /* AppDelegate.swift */ = {isa = PBXFileReference; lastKnownFileType = sourcecode.swift; path = AppDelegate.swift; sourceTree = "<group>"; };
		C0C59B662A4D37720057C4E1 /* SceneDelegate.swift */ = {isa = PBXFileReference; lastKnownFileType = sourcecode.swift; path = SceneDelegate.swift; sourceTree = "<group>"; };
		C0C59B682A4D37720057C4E1 /* ViewController.swift */ = {isa = PBXFileReference; lastKnownFileType = sourcecode.swift; path = ViewController.swift; sourceTree = "<group>"; };
		C0C59B6B2A4D37720057C4E1 /* Base */ = {isa = PBXFileReference; lastKnownFileType = file.storyboard; name = Base; path = Base.lproj/Main.storyboard; sourceTree = "<group>"; };
		C0C59B6D2A4D37720057C4E1 /* Assets.xcassets */ = {isa = PBXFileReference; lastKnownFileType = folder.assetcatalog; path = Assets.xcassets; sourceTree = "<group>"; };
		C0C59B702A4D37720057C4E1 /* Base */ = {isa = PBXFileReference; lastKnownFileType = file.storyboard; name = Base; path = Base.lproj/LaunchScreen.storyboard; sourceTree = "<group>"; };
		C0C59B722A4D37720057C4E1 /* Info.plist */ = {isa = PBXFileReference; lastKnownFileType = text.plist.xml; path = Info.plist; sourceTree = "<group>"; };
		C0C59B782A4D37C40057C4E1 /* NetworkHelper.swift */ = {isa = PBXFileReference; lastKnownFileType = sourcecode.swift; path = NetworkHelper.swift; sourceTree = "<group>"; };
		C0C59B7B2A4D3EAC0057C4E1 /* Options.swift */ = {isa = PBXFileReference; fileEncoding = 4; lastKnownFileType = sourcecode.swift; path = Options.swift; sourceTree = "<group>"; };
		C0C59B7C2A4D3EAC0057C4E1 /* BaseModel.swift */ = {isa = PBXFileReference; fileEncoding = 4; lastKnownFileType = sourcecode.swift; path = BaseModel.swift; sourceTree = "<group>"; };
		C0C59B7D2A4D3EAC0057C4E1 /* Exclusions.swift */ = {isa = PBXFileReference; fileEncoding = 4; lastKnownFileType = sourcecode.swift; path = Exclusions.swift; sourceTree = "<group>"; };
		C0C59B7E2A4D3EAC0057C4E1 /* Facilities.swift */ = {isa = PBXFileReference; fileEncoding = 4; lastKnownFileType = sourcecode.swift; path = Facilities.swift; sourceTree = "<group>"; };
		C0C59B842A4D81F70057C4E1 /* ViewModel.swift */ = {isa = PBXFileReference; lastKnownFileType = sourcecode.swift; path = ViewModel.swift; sourceTree = "<group>"; };
/* End PBXFileReference section */

/* Begin PBXFrameworksBuildPhase section */
		C0C59B5E2A4D37720057C4E1 /* Frameworks */ = {
			isa = PBXFrameworksBuildPhase;
			buildActionMask = 2147483647;
			files = (
			);
			runOnlyForDeploymentPostprocessing = 0;
		};
/* End PBXFrameworksBuildPhase section */

/* Begin PBXGroup section */
		C0C59B582A4D37720057C4E1 = {
			isa = PBXGroup;
			children = (
				C0C59B632A4D37720057C4E1 /* Assignment */,
				C0C59B622A4D37720057C4E1 /* Products */,
			);
			sourceTree = "<group>";
		};
		C0C59B622A4D37720057C4E1 /* Products */ = {
			isa = PBXGroup;
			children = (
				C0C59B612A4D37720057C4E1 /* Assignment.app */,
			);
			name = Products;
			sourceTree = "<group>";
		};
		C0C59B632A4D37720057C4E1 /* Assignment */ = {
			isa = PBXGroup;
			children = (
				C0C59B7A2A4D3EA30057C4E1 /* Model */,
				C0C59B642A4D37720057C4E1 /* AppDelegate.swift */,
				C0C59B662A4D37720057C4E1 /* SceneDelegate.swift */,
				C0C59B682A4D37720057C4E1 /* ViewController.swift */,
				C0C59B842A4D81F70057C4E1 /* ViewModel.swift */,
				C0C59B782A4D37C40057C4E1 /* NetworkHelper.swift */,
				C0C59B6A2A4D37720057C4E1 /* Main.storyboard */,
				C0C59B6D2A4D37720057C4E1 /* Assets.xcassets */,
				C0C59B6F2A4D37720057C4E1 /* LaunchScreen.storyboard */,
				C0C59B722A4D37720057C4E1 /* Info.plist */,
			);
			path = Assignment;
			sourceTree = "<group>";
		};
		C0C59B7A2A4D3EA30057C4E1 /* Model */ = {
			isa = PBXGroup;
			children = (
				C0C59B7C2A4D3EAC0057C4E1 /* BaseModel.swift */,
				C0C59B7D2A4D3EAC0057C4E1 /* Exclusions.swift */,
				C0C59B7E2A4D3EAC0057C4E1 /* Facilities.swift */,
				C0C59B7B2A4D3EAC0057C4E1 /* Options.swift */,
			);
			path = Model;
			sourceTree = "<group>";
		};
/* End PBXGroup section */

/* Begin PBXNativeTarget section */
		C0C59B602A4D37720057C4E1 /* Assignment */ = {
			isa = PBXNativeTarget;
			buildConfigurationList = C0C59B752A4D37720057C4E1 /* Build configuration list for PBXNativeTarget "Assignment" */;
			buildPhases = (
				C0C59B5D2A4D37720057C4E1 /* Sources */,
				C0C59B5E2A4D37720057C4E1 /* Frameworks */,
				C0C59B5F2A4D37720057C4E1 /* Resources */,
			);
			buildRules = (
			);
			dependencies = (
			);
			name = Assignment;
			productName = Assignment;
			productReference = C0C59B612A4D37720057C4E1 /* Assignment.app */;
			productType = "com.apple.product-type.application";
		};
/* End PBXNativeTarget section */

/* Begin PBXProject section */
		C0C59B592A4D37720057C4E1 /* Project object */ = {
			isa = PBXProject;
			attributes = {
				BuildIndependentTargetsInParallel = 1;
				LastSwiftUpdateCheck = 1420;
				LastUpgradeCheck = 1420;
				TargetAttributes = {
					C0C59B602A4D37720057C4E1 = {
						CreatedOnToolsVersion = 14.2;
					};
				};
			};
			buildConfigurationList = C0C59B5C2A4D37720057C4E1 /* Build configuration list for PBXProject "Assignment" */;
			compatibilityVersion = "Xcode 14.0";
			developmentRegion = en;
			hasScannedForEncodings = 0;
			knownRegions = (
				en,
				Base,
			);
			mainGroup = C0C59B582A4D37720057C4E1;
			productRefGroup = C0C59B622A4D37720057C4E1 /* Products */;
			projectDirPath = "";
			projectRoot = "";
			targets = (
				C0C59B602A4D37720057C4E1 /* Assignment */,
			);
		};
/* End PBXProject section */

/* Begin PBXResourcesBuildPhase section */
		C0C59B5F2A4D37720057C4E1 /* Resources */ = {
			isa = PBXResourcesBuildPhase;
			buildActionMask = 2147483647;
			files = (
				C0C59B712A4D37720057C4E1 /* LaunchScreen.storyboard in Resources */,
				C0C59B6E2A4D37720057C4E1 /* Assets.xcassets in Resources */,
				C0C59B6C2A4D37720057C4E1 /* Main.storyboard in Resources */,
			);
			runOnlyForDeploymentPostprocessing = 0;
		};
/* End PBXResourcesBuildPhase section */

/* Begin PBXSourcesBuildPhase section */
		C0C59B5D2A4D37720057C4E1 /* Sources */ = {
			isa = PBXSourcesBuildPhase;
			buildActionMask = 2147483647;
			files = (
				C0C59B822A4D3EAC0057C4E1 /* Facilities.swift in Sources */,
				C0C59B852A4D81F70057C4E1 /* ViewModel.swift in Sources */,
				C0C59B802A4D3EAC0057C4E1 /* BaseModel.swift in Sources */,
				C0C59B792A4D37C40057C4E1 /* NetworkHelper.swift in Sources */,
				C0C59B812A4D3EAC0057C4E1 /* Exclusions.swift in Sources */,
				C0C59B692A4D37720057C4E1 /* ViewController.swift in Sources */,
				C0C59B652A4D37720057C4E1 /* AppDelegate.swift in Sources */,
				C0C59B7F2A4D3EAC0057C4E1 /* Options.swift in Sources */,
				C0C59B672A4D37720057C4E1 /* SceneDelegate.swift in Sources */,
			);
			runOnlyForDeploymentPostprocessing = 0;
		};
/* End PBXSourcesBuildPhase section */

/* Begin PBXVariantGroup section */
		C0C59B6A2A4D37720057C4E1 /* Main.storyboard */ = {
			isa = PBXVariantGroup;
			children = (
				C0C59B6B2A4D37720057C4E1 /* Base */,
			);
			name = Main.storyboard;
			sourceTree = "<group>";
		};
		C0C59B6F2A4D37720057C4E1 /* LaunchScreen.storyboard */ = {
			isa = PBXVariantGroup;
			children = (
				C0C59B702A4D37720057C4E1 /* Base */,
			);
			name = LaunchScreen.storyboard;
			sourceTree = "<group>";
		};
/* End PBXVariantGroup section */

/* Begin XCBuildConfiguration section */
		C0C59B732A4D37720057C4E1 /* Debug */ = {
			isa = XCBuildConfiguration;
			buildSettings = {
				ALWAYS_SEARCH_USER_PATHS = NO;
				CLANG_ANALYZER_NONNULL = YES;
				CLANG_ANALYZER_NUMBER_OBJECT_CONVERSION = YES_AGGRESSIVE;
				CLANG_CXX_LANGUAGE_STANDARD = "gnu++20";
				CLANG_ENABLE_MODULES = YES;
				CLANG_ENABLE_OBJC_ARC = YES;
				CLANG_ENABLE_OBJC_WEAK = YES;
				CLANG_WARN_BLOCK_CAPTURE_AUTORELEASING = YES;
				CLANG_WARN_BOOL_CONVERSION = YES;
				CLANG_WARN_COMMA = YES;
				CLANG_WARN_CONSTANT_CONVERSION = YES;
				CLANG_WARN_DEPRECATED_OBJC_IMPLEMENTATIONS = YES;
				CLANG_WARN_DIRECT_OBJC_ISA_USAGE = YES_ERROR;
				CLANG_WARN_DOCUMENTATION_COMMENTS = YES;
				CLANG_WARN_EMPTY_BODY = YES;
				CLANG_WARN_ENUM_CONVERSION = YES;
				CLANG_WARN_INFINITE_RECURSION = YES;
				CLANG_WARN_INT_CONVERSION = YES;
				CLANG_WARN_NON_LITERAL_NULL_CONVERSION = YES;
				CLANG_WARN_OBJC_IMPLICIT_RETAIN_SELF = YES;
				CLANG_WARN_OBJC_LITERAL_CONVERSION = YES;
				CLANG_WARN_OBJC_ROOT_CLASS = YES_ERROR;
				CLANG_WARN_QUOTED_INCLUDE_IN_FRAMEWORK_HEADER = YES;
				CLANG_WARN_RANGE_LOOP_ANALYSIS = YES;
				CLANG_WARN_STRICT_PROTOTYPES = YES;
				CLANG_WARN_SUSPICIOUS_MOVE = YES;
				CLANG_WARN_UNGUARDED_AVAILABILITY = YES_AGGRESSIVE;
				CLANG_WARN_UNREACHABLE_CODE = YES;
				CLANG_WARN__DUPLICATE_METHOD_MATCH = YES;
				COPY_PHASE_STRIP = NO;
				DEBUG_INFORMATION_FORMAT = dwarf;
				ENABLE_STRICT_OBJC_MSGSEND = YES;
				ENABLE_TESTABILITY = YES;
				GCC_C_LANGUAGE_STANDARD = gnu11;
				GCC_DYNAMIC_NO_PIC = NO;
				GCC_NO_COMMON_BLOCKS = YES;
				GCC_OPTIMIZATION_LEVEL = 0;
				GCC_PREPROCESSOR_DEFINITIONS = (
					"DEBUG=1",
					"$(inherited)",
				);
				GCC_WARN_64_TO_32_BIT_CONVERSION = YES;
				GCC_WARN_ABOUT_RETURN_TYPE = YES_ERROR;
				GCC_WARN_UNDECLARED_SELECTOR = YES;
				GCC_WARN_UNINITIALIZED_AUTOS = YES_AGGRESSIVE;
				GCC_WARN_UNUSED_FUNCTION = YES;
				GCC_WARN_UNUSED_VARIABLE = YES;
				IPHONEOS_DEPLOYMENT_TARGET = 16.2;
				MTL_ENABLE_DEBUG_INFO = INCLUDE_SOURCE;
				MTL_FAST_MATH = YES;
				ONLY_ACTIVE_ARCH = YES;
				SDKROOT = iphoneos;
				SWIFT_ACTIVE_COMPILATION_CONDITIONS = DEBUG;
				SWIFT_OPTIMIZATION_LEVEL = "-Onone";
			};
			name = Debug;
		};
		C0C59B742A4D37720057C4E1 /* Release */ = {
			isa = XCBuildConfiguration;
			buildSettings = {
				ALWAYS_SEARCH_USER_PATHS = NO;
				CLANG_ANALYZER_NONNULL = YES;
				CLANG_ANALYZER_NUMBER_OBJECT_CONVERSION = YES_AGGRESSIVE;
				CLANG_CXX_LANGUAGE_STANDARD = "gnu++20";
				CLANG_ENABLE_MODULES = YES;
				CLANG_ENABLE_OBJC_ARC = YES;
				CLANG_ENABLE_OBJC_WEAK = YES;
				CLANG_WARN_BLOCK_CAPTURE_AUTORELEASING = YES;
				CLANG_WARN_BOOL_CONVERSION = YES;
				CLANG_WARN_COMMA = YES;
				CLANG_WARN_CONSTANT_CONVERSION = YES;
				CLANG_WARN_DEPRECATED_OBJC_IMPLEMENTATIONS = YES;
				CLANG_WARN_DIRECT_OBJC_ISA_USAGE = YES_ERROR;
				CLANG_WARN_DOCUMENTATION_COMMENTS = YES;
				CLANG_WARN_EMPTY_BODY = YES;
				CLANG_WARN_ENUM_CONVERSION = YES;
				CLANG_WARN_INFINITE_RECURSION = YES;
				CLANG_WARN_INT_CONVERSION = YES;
				CLANG_WARN_NON_LITERAL_NULL_CONVERSION = YES;
				CLANG_WARN_OBJC_IMPLICIT_RETAIN_SELF = YES;
				CLANG_WARN_OBJC_LITERAL_CONVERSION = YES;
				CLANG_WARN_OBJC_ROOT_CLASS = YES_ERROR;
				CLANG_WARN_QUOTED_INCLUDE_IN_FRAMEWORK_HEADER = YES;
				CLANG_WARN_RANGE_LOOP_ANALYSIS = YES;
				CLANG_WARN_STRICT_PROTOTYPES = YES;
				CLANG_WARN_SUSPICIOUS_MOVE = YES;
				CLANG_WARN_UNGUARDED_AVAILABILITY = YES_AGGRESSIVE;
				CLANG_WARN_UNREACHABLE_CODE = YES;
				CLANG_WARN__DUPLICATE_METHOD_MATCH = YES;
				COPY_PHASE_STRIP = NO;
				DEBUG_INFORMATION_FORMAT = "dwarf-with-dsym";
				ENABLE_NS_ASSERTIONS = NO;
				ENABLE_STRICT_OBJC_MSGSEND = YES;
				GCC_C_LANGUAGE_STANDARD = gnu11;
				GCC_NO_COMMON_BLOCKS = YES;
				GCC_WARN_64_TO_32_BIT_CONVERSION = YES;
				GCC_WARN_ABOUT_RETURN_TYPE = YES_ERROR;
				GCC_WARN_UNDECLARED_SELECTOR = YES;
				GCC_WARN_UNINITIALIZED_AUTOS = YES_AGGRESSIVE;
				GCC_WARN_UNUSED_FUNCTION = YES;
				GCC_WARN_UNUSED_VARIABLE = YES;
				IPHONEOS_DEPLOYMENT_TARGET = 16.2;
				MTL_ENABLE_DEBUG_INFO = NO;
				MTL_FAST_MATH = YES;
				SDKROOT = iphoneos;
				SWIFT_COMPILATION_MODE = wholemodule;
				SWIFT_OPTIMIZATION_LEVEL = "-O";
				VALIDATE_PRODUCT = YES;
			};
			name = Release;
		};
		C0C59B762A4D37720057C4E1 /* Debug */ = {
			isa = XCBuildConfiguration;
			buildSettings = {
				ASSETCATALOG_COMPILER_APPICON_NAME = AppIcon;
				ASSETCATALOG_COMPILER_GLOBAL_ACCENT_COLOR_NAME = AccentColor;
				CODE_SIGN_STYLE = Automatic;
				CURRENT_PROJECT_VERSION = 1;
				GENERATE_INFOPLIST_FILE = YES;
				INFOPLIST_FILE = Assignment/Info.plist;
				INFOPLIST_KEY_UIApplicationSupportsIndirectInputEvents = YES;
				INFOPLIST_KEY_UILaunchStoryboardName = LaunchScreen;
				INFOPLIST_KEY_UIMainStoryboardFile = Main;
				INFOPLIST_KEY_UISupportedInterfaceOrientations_iPad = "UIInterfaceOrientationPortrait UIInterfaceOrientationPortraitUpsideDown UIInterfaceOrientationLandscapeLeft UIInterfaceOrientationLandscapeRight";
				INFOPLIST_KEY_UISupportedInterfaceOrientations_iPhone = "UIInterfaceOrientationPortrait UIInterfaceOrientationLandscapeLeft UIInterfaceOrientationLandscapeRight";
				LD_RUNPATH_SEARCH_PATHS = (
					"$(inherited)",
					"@executable_path/Frameworks",
				);
				MARKETING_VERSION = 1.0;
				PRODUCT_BUNDLE_IDENTIFIER = com.Sudeep.Assignment;
				PRODUCT_NAME = "$(TARGET_NAME)";
				SWIFT_EMIT_LOC_STRINGS = YES;
				SWIFT_VERSION = 5.0;
				TARGETED_DEVICE_FAMILY = "1,2";
			};
			name = Debug;
		};
		C0C59B772A4D37720057C4E1 /* Release */ = {
			isa = XCBuildConfiguration;
			buildSettings = {
				ASSETCATALOG_COMPILER_APPICON_NAME = AppIcon;
				ASSETCATALOG_COMPILER_GLOBAL_ACCENT_COLOR_NAME = AccentColor;
				CODE_SIGN_STYLE = Automatic;
				CURRENT_PROJECT_VERSION = 1;
				GENERATE_INFOPLIST_FILE = YES;
				INFOPLIST_FILE = Assignment/Info.plist;
				INFOPLIST_KEY_UIApplicationSupportsIndirectInputEvents = YES;
				INFOPLIST_KEY_UILaunchStoryboardName = LaunchScreen;
				INFOPLIST_KEY_UIMainStoryboardFile = Main;
				INFOPLIST_KEY_UISupportedInterfaceOrientations_iPad = "UIInterfaceOrientationPortrait UIInterfaceOrientationPortraitUpsideDown UIInterfaceOrientationLandscapeLeft UIInterfaceOrientationLandscapeRight";
				INFOPLIST_KEY_UISupportedInterfaceOrientations_iPhone = "UIInterfaceOrientationPortrait UIInterfaceOrientationLandscapeLeft UIInterfaceOrientationLandscapeRight";
				LD_RUNPATH_SEARCH_PATHS = (
					"$(inherited)",
					"@executable_path/Frameworks",
				);
				MARKETING_VERSION = 1.0;
				PRODUCT_BUNDLE_IDENTIFIER = com.Sudeep.Assignment;
				PRODUCT_NAME = "$(TARGET_NAME)";
				SWIFT_EMIT_LOC_STRINGS = YES;
				SWIFT_VERSION = 5.0;
				TARGETED_DEVICE_FAMILY = "1,2";
			};
			name = Release;
		};
/* End XCBuildConfiguration section */

/* Begin XCConfigurationList section */
		C0C59B5C2A4D37720057C4E1 /* Build configuration list for PBXProject "Assignment" */ = {
			isa = XCConfigurationList;
			buildConfigurations = (
				C0C59B732A4D37720057C4E1 /* Debug */,
				C0C59B742A4D37720057C4E1 /* Release */,
			);
			defaultConfigurationIsVisible = 0;
			defaultConfigurationName = Release;
		};
		C0C59B752A4D37720057C4E1 /* Build configuration list for PBXNativeTarget "Assignment" */ = {
			isa = XCConfigurationList;
			buildConfigurations = (
				C0C59B762A4D37720057C4E1 /* Debug */,
				C0C59B772A4D37720057C4E1 /* Release */,
			);
			defaultConfigurationIsVisible = 0;
			defaultConfigurationName = Release;
		};
/* End XCConfigurationList section */
	};
	rootObject = C0C59B592A4D37720057C4E1 /* Project object */;
}
